
Microsoft Visual Studio Solution File, Format Version 12.00
# Visual Studio Version 16
VisualStudioVersion = 16.0.28606.126
MinimumVisualStudioVersion = 10.0.40219.1
Project("{FAE04EC0-301F-11D3-BF4B-00C04F79EFBC}") = "RazorComponentsSentimentAnalysis", "RazorComponentsSentimentAnalysis\RazorComponentsSentimentAnalysis.csproj", "{3B37C87E-72DF-4668-BAF4-0DCC9A128E93}"
EndProject
Global
	GlobalSection(SolutionConfigurationPlatforms) = preSolution
		Debug|Any CPU = Debug|Any CPU
		Release|Any CPU = Release|Any CPU
	EndGlobalSection
	GlobalSection(ProjectConfigurationPlatforms) = postSolution
		{3B37C87E-72DF-4668-BAF4-0DCC9A128E93}.Debug|Any CPU.ActiveCfg = Debug|Any CPU
		{3B37C87E-72DF-4668-BAF4-0DCC9A128E93}.Debug|Any CPU.Build.0 = Debug|Any CPU
		{3B37C87E-72DF-4668-BAF4-0DCC9A128E93}.Release|Any CPU.ActiveCfg = Release|Any CPU
		{3B37C87E-72DF-4668-BAF4-0DCC9A128E93}.Release|Any CPU.Build.0 = Release|Any CPU
	EndGlobalSection
	GlobalSection(SolutionProperties) = preSolution
		HideSolutionNode = FALSE
	EndGlobalSection
	GlobalSection(ExtensibilityGlobals) = postSolution
		SolutionGuid = {413B6D53-9FDF-4C4E-89BE-9D8FCD4D5AC1}
	EndGlobalSection
EndGlobal
